
Microsoft Visual Studio Solution File, Format Version 12.00
# Visual Studio Version 17
VisualStudioVersion = 17.11.35312.102
MinimumVisualStudioVersion = 10.0.40219.1
Project("{FAE04EC0-301F-11D3-BF4B-00C04F79EFBC}") = "ProductSalesDemo", "ProductSalesDemo\ProductSalesDemo.csproj", "{3E90978C-4601-4A16-9468-7BEB9D1AD983}"
EndProject
Global
	GlobalSection(SolutionConfigurationPlatforms) = preSolution
		Debug|Any CPU = Debug|Any CPU
		Release|Any CPU = Release|Any CPU
	EndGlobalSection
	GlobalSection(ProjectConfigurationPlatforms) = postSolution
		{3E90978C-4601-4A16-9468-7BEB9D1AD983}.Debug|Any CPU.ActiveCfg = Debug|Any CPU
		{3E90978C-4601-4A16-9468-7BEB9D1AD983}.Debug|Any CPU.Build.0 = Debug|Any CPU
		{3E90978C-4601-4A16-9468-7BEB9D1AD983}.Release|Any CPU.ActiveCfg = Release|Any CPU
		{3E90978C-4601-4A16-9468-7BEB9D1AD983}.Release|Any CPU.Build.0 = Release|Any CPU
	EndGlobalSection
	GlobalSection(SolutionProperties) = preSolution
		HideSolutionNode = FALSE
	EndGlobalSection
	GlobalSection(ExtensibilityGlobals) = postSolution
		SolutionGuid = {06603495-FBA8-4902-A957-DF8A7F3FA09E}
	EndGlobalSection
EndGlobal
